// !$*UTF8*$!
{
	archiveVersion = 1;
	classes = {
	};
	objectVersion = 56;
	objects = {

/* Begin PBXBuildFile section */
		446D9F572D487DE200F6B343 /* test2.swift in Sources */ = {isa = PBXBuildFile; fileRef = 446D9F562D487DE200F6B343 /* test2.swift */; };
		446D9F5C2D487E4F00F6B343 /* PokerHnadEvaluatar.swift in Sources */ = {isa = PBXBuildFile; fileRef = 44CEEF442D46625C00BE5132 /* PokerHnadEvaluatar.swift */; };
		446D9F5E2D49344A00F6B343 /* ComboView.swift in Sources */ = {isa = PBXBuildFile; fileRef = 446D9F5D2D49344A00F6B343 /* ComboView.swift */; };
		44CEEF452D46625C00BE5132 /* PokerHnadEvaluatar.swift in Sources */ = {isa = PBXBuildFile; fileRef = 44CEEF442D46625C00BE5132 /* PokerHnadEvaluatar.swift */; };
		44CEEF462D46625C00BE5132 /* PokerHnadEvaluatar.swift in Sources */ = {isa = PBXBuildFile; fileRef = 44CEEF442D46625C00BE5132 /* PokerHnadEvaluatar.swift */; };
		44EC93DB2D40914B0025E01B /* poker_trainerApp.swift in Sources */ = {isa = PBXBuildFile; fileRef = 44EC93DA2D40914B0025E01B /* poker_trainerApp.swift */; };
		44EC93DD2D40914B0025E01B /* ContentView.swift in Sources */ = {isa = PBXBuildFile; fileRef = 44EC93DC2D40914B0025E01B /* ContentView.swift */; };
		44EC93DF2D40914C0025E01B /* Assets.xcassets in Resources */ = {isa = PBXBuildFile; fileRef = 44EC93DE2D40914C0025E01B /* Assets.xcassets */; };
		44EC93E22D40914C0025E01B /* Preview Assets.xcassets in Resources */ = {isa = PBXBuildFile; fileRef = 44EC93E12D40914C0025E01B /* Preview Assets.xcassets */; };
/* End PBXBuildFile section */

/* Begin PBXContainerItemProxy section */
		446D9F4B2D487D9D00F6B343 /* PBXContainerItemProxy */ = {
			isa = PBXContainerItemProxy;
			containerPortal = 44EC93CF2D40914B0025E01B /* Project object */;
			proxyType = 1;
			remoteGlobalIDString = 44EC93D62D40914B0025E01B;
			remoteInfo = "poker-trainer";
		};
		44EC93E82D40914C0025E01B /* PBXContainerItemProxy */ = {
			isa = PBXContainerItemProxy;
			containerPortal = 44EC93CF2D40914B0025E01B /* Project object */;
			proxyType = 1;
			remoteGlobalIDString = 44EC93D62D40914B0025E01B;
			remoteInfo = "poker-trainer";
		};
		44EC93F22D40914C0025E01B /* PBXContainerItemProxy */ = {
			isa = PBXContainerItemProxy;
			containerPortal = 44EC93CF2D40914B0025E01B /* Project object */;
			proxyType = 1;
			remoteGlobalIDString = 44EC93D62D40914B0025E01B;
			remoteInfo = "poker-trainer";
		};
/* End PBXContainerItemProxy section */

/* Begin PBXFileReference section */
		446D9F1F2D4871D000F6B343 /* poker-trainer.xctestplan */ = {isa = PBXFileReference; lastKnownFileType = text; path = "poker-trainer.xctestplan"; sourceTree = "<group>"; };
		446D9F472D487D9D00F6B343 /* poker-trainerTests2.xctest */ = {isa = PBXFileReference; explicitFileType = wrapper.cfbundle; includeInIndex = 0; path = "poker-trainerTests2.xctest"; sourceTree = BUILT_PRODUCTS_DIR; };
		446D9F542D487DE200F6B343 /* test2.xctest */ = {isa = PBXFileReference; explicitFileType = wrapper.cfbundle; includeInIndex = 0; path = test2.xctest; sourceTree = BUILT_PRODUCTS_DIR; };
		446D9F562D487DE200F6B343 /* test2.swift */ = {isa = PBXFileReference; lastKnownFileType = sourcecode.swift; path = test2.swift; sourceTree = "<group>"; };
		446D9F5D2D49344A00F6B343 /* ComboView.swift */ = {isa = PBXFileReference; lastKnownFileType = sourcecode.swift; path = ComboView.swift; sourceTree = "<group>"; };
		44CEEF442D46625C00BE5132 /* PokerHnadEvaluatar.swift */ = {isa = PBXFileReference; lastKnownFileType = sourcecode.swift; path = PokerHnadEvaluatar.swift; sourceTree = "<group>"; };
		44EC93D72D40914B0025E01B /* poker-trainer.app */ = {isa = PBXFileReference; explicitFileType = wrapper.application; includeInIndex = 0; path = "poker-trainer.app"; sourceTree = BUILT_PRODUCTS_DIR; };
		44EC93DA2D40914B0025E01B /* poker_trainerApp.swift */ = {isa = PBXFileReference; lastKnownFileType = sourcecode.swift; path = poker_trainerApp.swift; sourceTree = "<group>"; };
		44EC93DC2D40914B0025E01B /* ContentView.swift */ = {isa = PBXFileReference; lastKnownFileType = sourcecode.swift; path = ContentView.swift; sourceTree = "<group>"; };
		44EC93DE2D40914C0025E01B /* Assets.xcassets */ = {isa = PBXFileReference; lastKnownFileType = folder.assetcatalog; path = Assets.xcassets; sourceTree = "<group>"; };
		44EC93E12D40914C0025E01B /* Preview Assets.xcassets */ = {isa = PBXFileReference; lastKnownFileType = folder.assetcatalog; path = "Preview Assets.xcassets"; sourceTree = "<group>"; };
		44EC93E72D40914C0025E01B /* poker-trainerTests.xctest */ = {isa = PBXFileReference; explicitFileType = wrapper.cfbundle; includeInIndex = 0; path = "poker-trainerTests.xctest"; sourceTree = BUILT_PRODUCTS_DIR; };
		44EC93F12D40914C0025E01B /* poker-trainerUITests.xctest */ = {isa = PBXFileReference; explicitFileType = wrapper.cfbundle; includeInIndex = 0; path = "poker-trainerUITests.xctest"; sourceTree = BUILT_PRODUCTS_DIR; };
/* End PBXFileReference section */

/* Begin PBXFrameworksBuildPhase section */
		446D9F442D487D9D00F6B343 /* Frameworks */ = {
			isa = PBXFrameworksBuildPhase;
			buildActionMask = 2147483647;
			files = (
			);
			runOnlyForDeploymentPostprocessing = 0;
		};
		446D9F512D487DE200F6B343 /* Frameworks */ = {
			isa = PBXFrameworksBuildPhase;
			buildActionMask = 2147483647;
			files = (
			);
			runOnlyForDeploymentPostprocessing = 0;
		};
		44EC93D42D40914B0025E01B /* Frameworks */ = {
			isa = PBXFrameworksBuildPhase;
			buildActionMask = 2147483647;
			files = (
			);
			runOnlyForDeploymentPostprocessing = 0;
		};
		44EC93E42D40914C0025E01B /* Frameworks */ = {
			isa = PBXFrameworksBuildPhase;
			buildActionMask = 2147483647;
			files = (
			);
			runOnlyForDeploymentPostprocessing = 0;
		};
		44EC93EE2D40914C0025E01B /* Frameworks */ = {
			isa = PBXFrameworksBuildPhase;
			buildActionMask = 2147483647;
			files = (
			);
			runOnlyForDeploymentPostprocessing = 0;
		};
/* End PBXFrameworksBuildPhase section */

/* Begin PBXGroup section */
		446D9F552D487DE200F6B343 /* logic-test */ = {
			isa = PBXGroup;
			children = (
				446D9F562D487DE200F6B343 /* test2.swift */,
			);
			path = "logic-test";
			sourceTree = "<group>";
		};
		44EC93CE2D40914B0025E01B = {
			isa = PBXGroup;
			children = (
				446D9F1F2D4871D000F6B343 /* poker-trainer.xctestplan */,
				44EC93D92D40914B0025E01B /* poker-trainer */,
				446D9F552D487DE200F6B343 /* logic-test */,
				44EC93D82D40914B0025E01B /* Products */,
			);
			sourceTree = "<group>";
		};
		44EC93D82D40914B0025E01B /* Products */ = {
			isa = PBXGroup;
			children = (
				44EC93D72D40914B0025E01B /* poker-trainer.app */,
				44EC93E72D40914C0025E01B /* poker-trainerTests.xctest */,
				44EC93F12D40914C0025E01B /* poker-trainerUITests.xctest */,
				446D9F472D487D9D00F6B343 /* poker-trainerTests2.xctest */,
				446D9F542D487DE200F6B343 /* test2.xctest */,
			);
			name = Products;
			sourceTree = "<group>";
		};
		44EC93D92D40914B0025E01B /* poker-trainer */ = {
			isa = PBXGroup;
			children = (
				44EC93DA2D40914B0025E01B /* poker_trainerApp.swift */,
				44EC93DC2D40914B0025E01B /* ContentView.swift */,
				446D9F5D2D49344A00F6B343 /* ComboView.swift */,
				44CEEF442D46625C00BE5132 /* PokerHnadEvaluatar.swift */,
				44EC93DE2D40914C0025E01B /* Assets.xcassets */,
				44EC93E02D40914C0025E01B /* Preview Content */,
			);
			path = "poker-trainer";
			sourceTree = "<group>";
		};
		44EC93E02D40914C0025E01B /* Preview Content */ = {
			isa = PBXGroup;
			children = (
				44EC93E12D40914C0025E01B /* Preview Assets.xcassets */,
			);
			path = "Preview Content";
			sourceTree = "<group>";
		};
/* End PBXGroup section */

/* Begin PBXNativeTarget section */
		446D9F462D487D9D00F6B343 /* poker-trainerTests2 */ = {
			isa = PBXNativeTarget;
			buildConfigurationList = 446D9F4D2D487D9D00F6B343 /* Build configuration list for PBXNativeTarget "poker-trainerTests2" */;
			buildPhases = (
				446D9F432D487D9D00F6B343 /* Sources */,
				446D9F442D487D9D00F6B343 /* Frameworks */,
				446D9F452D487D9D00F6B343 /* Resources */,
			);
			buildRules = (
			);
			dependencies = (
				446D9F4C2D487D9D00F6B343 /* PBXTargetDependency */,
			);
			name = "poker-trainerTests2";
			productName = "poker-trainerTests2";
			productReference = 446D9F472D487D9D00F6B343 /* poker-trainerTests2.xctest */;
			productType = "com.apple.product-type.bundle.unit-test";
		};
		446D9F532D487DE200F6B343 /* test2 */ = {
			isa = PBXNativeTarget;
			buildConfigurationList = 446D9F582D487DE200F6B343 /* Build configuration list for PBXNativeTarget "test2" */;
			buildPhases = (
				446D9F502D487DE200F6B343 /* Sources */,
				446D9F512D487DE200F6B343 /* Frameworks */,
				446D9F522D487DE200F6B343 /* Resources */,
			);
			buildRules = (
			);
			dependencies = (
			);
			name = test2;
			productName = test2;
			productReference = 446D9F542D487DE200F6B343 /* test2.xctest */;
			productType = "com.apple.product-type.bundle.unit-test";
		};
		44EC93D62D40914B0025E01B /* poker-trainer */ = {
			isa = PBXNativeTarget;
			buildConfigurationList = 44EC93FB2D40914C0025E01B /* Build configuration list for PBXNativeTarget "poker-trainer" */;
			buildPhases = (
				44EC93D32D40914B0025E01B /* Sources */,
				44EC93D42D40914B0025E01B /* Frameworks */,
				44EC93D52D40914B0025E01B /* Resources */,
			);
			buildRules = (
			);
			dependencies = (
			);
			name = "poker-trainer";
			productName = "poker-trainer";
			productReference = 44EC93D72D40914B0025E01B /* poker-trainer.app */;
			productType = "com.apple.product-type.application";
		};
		44EC93E62D40914C0025E01B /* poker-trainerTests */ = {
			isa = PBXNativeTarget;
			buildConfigurationList = 44EC93FE2D40914C0025E01B /* Build configuration list for PBXNativeTarget "poker-trainerTests" */;
			buildPhases = (
				44EC93E32D40914C0025E01B /* Sources */,
				44EC93E42D40914C0025E01B /* Frameworks */,
				44EC93E52D40914C0025E01B /* Resources */,
			);
			buildRules = (
			);
			dependencies = (
				44EC93E92D40914C0025E01B /* PBXTargetDependency */,
			);
			name = "poker-trainerTests";
			productName = "poker-trainerTests";
			productReference = 44EC93E72D40914C0025E01B /* poker-trainerTests.xctest */;
			productType = "com.apple.product-type.bundle.unit-test";
		};
		44EC93F02D40914C0025E01B /* poker-trainerUITests */ = {
			isa = PBXNativeTarget;
			buildConfigurationList = 44EC94012D40914C0025E01B /* Build configuration list for PBXNativeTarget "poker-trainerUITests" */;
			buildPhases = (
				44EC93ED2D40914C0025E01B /* Sources */,
				44EC93EE2D40914C0025E01B /* Frameworks */,
				44EC93EF2D40914C0025E01B /* Resources */,
			);
			buildRules = (
			);
			dependencies = (
				44EC93F32D40914C0025E01B /* PBXTargetDependency */,
			);
			name = "poker-trainerUITests";
			productName = "poker-trainerUITests";
			productReference = 44EC93F12D40914C0025E01B /* poker-trainerUITests.xctest */;
			productType = "com.apple.product-type.bundle.ui-testing";
		};
/* End PBXNativeTarget section */

/* Begin PBXProject section */
		44EC93CF2D40914B0025E01B /* Project object */ = {
			isa = PBXProject;
			attributes = {
				BuildIndependentTargetsInParallel = 1;
				LastSwiftUpdateCheck = 1500;
				LastUpgradeCheck = 1500;
				TargetAttributes = {
					446D9F462D487D9D00F6B343 = {
						CreatedOnToolsVersion = 15.0.1;
						TestTargetID = 44EC93D62D40914B0025E01B;
					};
					446D9F532D487DE200F6B343 = {
						CreatedOnToolsVersion = 15.0.1;
					};
					44EC93D62D40914B0025E01B = {
						CreatedOnToolsVersion = 15.0.1;
					};
					44EC93E62D40914C0025E01B = {
						CreatedOnToolsVersion = 15.0.1;
						TestTargetID = 44EC93D62D40914B0025E01B;
					};
					44EC93F02D40914C0025E01B = {
						CreatedOnToolsVersion = 15.0.1;
						TestTargetID = 44EC93D62D40914B0025E01B;
					};
				};
			};
			buildConfigurationList = 44EC93D22D40914B0025E01B /* Build configuration list for PBXProject "poker-trainer" */;
			compatibilityVersion = "Xcode 14.0";
			developmentRegion = en;
			hasScannedForEncodings = 0;
			knownRegions = (
				en,
				Base,
			);
			mainGroup = 44EC93CE2D40914B0025E01B;
			productRefGroup = 44EC93D82D40914B0025E01B /* Products */;
			projectDirPath = "";
			projectRoot = "";
			targets = (
				44EC93D62D40914B0025E01B /* poker-trainer */,
				44EC93E62D40914C0025E01B /* poker-trainerTests */,
				44EC93F02D40914C0025E01B /* poker-trainerUITests */,
				446D9F462D487D9D00F6B343 /* poker-trainerTests2 */,
				446D9F532D487DE200F6B343 /* test2 */,
			);
		};
/* End PBXProject section */

/* Begin PBXResourcesBuildPhase section */
		446D9F452D487D9D00F6B343 /* Resources */ = {
			isa = PBXResourcesBuildPhase;
			buildActionMask = 2147483647;
			files = (
			);
			runOnlyForDeploymentPostprocessing = 0;
		};
		446D9F522D487DE200F6B343 /* Resources */ = {
			isa = PBXResourcesBuildPhase;
			buildActionMask = 2147483647;
			files = (
			);
			runOnlyForDeploymentPostprocessing = 0;
		};
		44EC93D52D40914B0025E01B /* Resources */ = {
			isa = PBXResourcesBuildPhase;
			buildActionMask = 2147483647;
			files = (
				44EC93E22D40914C0025E01B /* Preview Assets.xcassets in Resources */,
				44EC93DF2D40914C0025E01B /* Assets.xcassets in Resources */,
			);
			runOnlyForDeploymentPostprocessing = 0;
		};
		44EC93E52D40914C0025E01B /* Resources */ = {
			isa = PBXResourcesBuildPhase;
			buildActionMask = 2147483647;
			files = (
			);
			runOnlyForDeploymentPostprocessing = 0;
		};
		44EC93EF2D40914C0025E01B /* Resources */ = {
			isa = PBXResourcesBuildPhase;
			buildActionMask = 2147483647;
			files = (
			);
			runOnlyForDeploymentPostprocessing = 0;
		};
/* End PBXResourcesBuildPhase section */

/* Begin PBXSourcesBuildPhase section */
		446D9F432D487D9D00F6B343 /* Sources */ = {
			isa = PBXSourcesBuildPhase;
			buildActionMask = 2147483647;
			files = (
			);
			runOnlyForDeploymentPostprocessing = 0;
		};
		446D9F502D487DE200F6B343 /* Sources */ = {
			isa = PBXSourcesBuildPhase;
			buildActionMask = 2147483647;
			files = (
				446D9F5C2D487E4F00F6B343 /* PokerHnadEvaluatar.swift in Sources */,
				446D9F572D487DE200F6B343 /* test2.swift in Sources */,
			);
			runOnlyForDeploymentPostprocessing = 0;
		};
		44EC93D32D40914B0025E01B /* Sources */ = {
			isa = PBXSourcesBuildPhase;
			buildActionMask = 2147483647;
			files = (
				44CEEF452D46625C00BE5132 /* PokerHnadEvaluatar.swift in Sources */,
				446D9F5E2D49344A00F6B343 /* ComboView.swift in Sources */,
				44EC93DD2D40914B0025E01B /* ContentView.swift in Sources */,
				44EC93DB2D40914B0025E01B /* poker_trainerApp.swift in Sources */,
			);
			runOnlyForDeploymentPostprocessing = 0;
		};
		44EC93E32D40914C0025E01B /* Sources */ = {
			isa = PBXSourcesBuildPhase;
			buildActionMask = 2147483647;
			files = (
				44CEEF462D46625C00BE5132 /* PokerHnadEvaluatar.swift in Sources */,
			);
			runOnlyForDeploymentPostprocessing = 0;
		};
		44EC93ED2D40914C0025E01B /* Sources */ = {
			isa = PBXSourcesBuildPhase;
			buildActionMask = 2147483647;
			files = (
			);
			runOnlyForDeploymentPostprocessing = 0;
		};
/* End PBXSourcesBuildPhase section */

/* Begin PBXTargetDependency section */
		446D9F4C2D487D9D00F6B343 /* PBXTargetDependency */ = {
			isa = PBXTargetDependency;
			target = 44EC93D62D40914B0025E01B /* poker-trainer */;
			targetProxy = 446D9F4B2D487D9D00F6B343 /* PBXContainerItemProxy */;
		};
		44EC93E92D40914C0025E01B /* PBXTargetDependency */ = {
			isa = PBXTargetDependency;
			target = 44EC93D62D40914B0025E01B /* poker-trainer */;
			targetProxy = 44EC93E82D40914C0025E01B /* PBXContainerItemProxy */;
		};
		44EC93F32D40914C0025E01B /* PBXTargetDependency */ = {
			isa = PBXTargetDependency;
			target = 44EC93D62D40914B0025E01B /* poker-trainer */;
			targetProxy = 44EC93F22D40914C0025E01B /* PBXContainerItemProxy */;
		};
/* End PBXTargetDependency section */

/* Begin XCBuildConfiguration section */
		446D9F4E2D487D9D00F6B343 /* Debug */ = {
			isa = XCBuildConfiguration;
			buildSettings = {
				BUNDLE_LOADER = "$(TEST_HOST)";
				CODE_SIGN_STYLE = Automatic;
				CURRENT_PROJECT_VERSION = 1;
				GENERATE_INFOPLIST_FILE = YES;
				MARKETING_VERSION = 1.0;
				PRODUCT_BUNDLE_IDENTIFIER = "daisanz.poker-trainerTests2";
				PRODUCT_NAME = "$(TARGET_NAME)";
				SWIFT_EMIT_LOC_STRINGS = NO;
				SWIFT_VERSION = 5.0;
				TARGETED_DEVICE_FAMILY = "1,2";
				TEST_HOST = "$(BUILT_PRODUCTS_DIR)/poker-trainer.app/$(BUNDLE_EXECUTABLE_FOLDER_PATH)/poker-trainer";
			};
			name = Debug;
		};
		446D9F4F2D487D9D00F6B343 /* Release */ = {
			isa = XCBuildConfiguration;
			buildSettings = {
				BUNDLE_LOADER = "$(TEST_HOST)";
				CODE_SIGN_STYLE = Automatic;
				CURRENT_PROJECT_VERSION = 1;
				GENERATE_INFOPLIST_FILE = YES;
				MARKETING_VERSION = 1.0;
				PRODUCT_BUNDLE_IDENTIFIER = "daisanz.poker-trainerTests2";
				PRODUCT_NAME = "$(TARGET_NAME)";
				SWIFT_EMIT_LOC_STRINGS = NO;
				SWIFT_VERSION = 5.0;
				TARGETED_DEVICE_FAMILY = "1,2";
				TEST_HOST = "$(BUILT_PRODUCTS_DIR)/poker-trainer.app/$(BUNDLE_EXECUTABLE_FOLDER_PATH)/poker-trainer";
			};
			name = Release;
		};
		446D9F592D487DE200F6B343 /* Debug */ = {
			isa = XCBuildConfiguration;
			buildSettings = {
				CODE_SIGN_STYLE = Automatic;
				CURRENT_PROJECT_VERSION = 1;
				GENERATE_INFOPLIST_FILE = YES;
				MACOSX_DEPLOYMENT_TARGET = 14.0;
				MARKETING_VERSION = 1.0;
				PRODUCT_BUNDLE_IDENTIFIER = daisanz.test2;
				PRODUCT_NAME = "$(TARGET_NAME)";
				SDKROOT = macosx;
				SWIFT_EMIT_LOC_STRINGS = NO;
				SWIFT_VERSION = 5.0;
			};
			name = Debug;
		};
		446D9F5A2D487DE200F6B343 /* Release */ = {
			isa = XCBuildConfiguration;
			buildSettings = {
				CODE_SIGN_STYLE = Automatic;
				CURRENT_PROJECT_VERSION = 1;
				GENERATE_INFOPLIST_FILE = YES;
				MACOSX_DEPLOYMENT_TARGET = 14.0;
				MARKETING_VERSION = 1.0;
				PRODUCT_BUNDLE_IDENTIFIER = daisanz.test2;
				PRODUCT_NAME = "$(TARGET_NAME)";
				SDKROOT = macosx;
				SWIFT_EMIT_LOC_STRINGS = NO;
				SWIFT_VERSION = 5.0;
			};
			name = Release;
		};
		44EC93F92D40914C0025E01B /* Debug */ = {
			isa = XCBuildConfiguration;
			buildSettings = {
				ALWAYS_SEARCH_USER_PATHS = NO;
				ASSETCATALOG_COMPILER_GENERATE_SWIFT_ASSET_SYMBOL_EXTENSIONS = YES;
				CLANG_ANALYZER_NONNULL = YES;
				CLANG_ANALYZER_NUMBER_OBJECT_CONVERSION = YES_AGGRESSIVE;
				CLANG_CXX_LANGUAGE_STANDARD = "gnu++20";
				CLANG_ENABLE_MODULES = YES;
				CLANG_ENABLE_OBJC_ARC = YES;
				CLANG_ENABLE_OBJC_WEAK = YES;
				CLANG_WARN_BLOCK_CAPTURE_AUTORELEASING = YES;
				CLANG_WARN_BOOL_CONVERSION = YES;
				CLANG_WARN_COMMA = YES;
				CLANG_WARN_CONSTANT_CONVERSION = YES;
				CLANG_WARN_DEPRECATED_OBJC_IMPLEMENTATIONS = YES;
				CLANG_WARN_DIRECT_OBJC_ISA_USAGE = YES_ERROR;
				CLANG_WARN_DOCUMENTATION_COMMENTS = YES;
				CLANG_WARN_EMPTY_BODY = YES;
				CLANG_WARN_ENUM_CONVERSION = YES;
				CLANG_WARN_INFINITE_RECURSION = YES;
				CLANG_WARN_INT_CONVERSION = YES;
				CLANG_WARN_NON_LITERAL_NULL_CONVERSION = YES;
				CLANG_WARN_OBJC_IMPLICIT_RETAIN_SELF = YES;
				CLANG_WARN_OBJC_LITERAL_CONVERSION = YES;
				CLANG_WARN_OBJC_ROOT_CLASS = YES_ERROR;
				CLANG_WARN_QUOTED_INCLUDE_IN_FRAMEWORK_HEADER = YES;
				CLANG_WARN_RANGE_LOOP_ANALYSIS = YES;
				CLANG_WARN_STRICT_PROTOTYPES = YES;
				CLANG_WARN_SUSPICIOUS_MOVE = YES;
				CLANG_WARN_UNGUARDED_AVAILABILITY = YES_AGGRESSIVE;
				CLANG_WARN_UNREACHABLE_CODE = YES;
				CLANG_WARN__DUPLICATE_METHOD_MATCH = YES;
				COPY_PHASE_STRIP = NO;
				DEBUG_INFORMATION_FORMAT = dwarf;
				ENABLE_STRICT_OBJC_MSGSEND = YES;
				ENABLE_TESTABILITY = YES;
				ENABLE_USER_SCRIPT_SANDBOXING = YES;
				GCC_C_LANGUAGE_STANDARD = gnu17;
				GCC_DYNAMIC_NO_PIC = NO;
				GCC_NO_COMMON_BLOCKS = YES;
				GCC_OPTIMIZATION_LEVEL = 0;
				GCC_PREPROCESSOR_DEFINITIONS = (
					"DEBUG=1",
					"$(inherited)",
				);
				GCC_WARN_64_TO_32_BIT_CONVERSION = YES;
				GCC_WARN_ABOUT_RETURN_TYPE = YES_ERROR;
				GCC_WARN_UNDECLARED_SELECTOR = YES;
				GCC_WARN_UNINITIALIZED_AUTOS = YES_AGGRESSIVE;
				GCC_WARN_UNUSED_FUNCTION = YES;
				GCC_WARN_UNUSED_VARIABLE = YES;
				IPHONEOS_DEPLOYMENT_TARGET = 17.0;
				LOCALIZATION_PREFERS_STRING_CATALOGS = YES;
				MTL_ENABLE_DEBUG_INFO = INCLUDE_SOURCE;
				MTL_FAST_MATH = YES;
				ONLY_ACTIVE_ARCH = YES;
				SDKROOT = iphoneos;
				SWIFT_ACTIVE_COMPILATION_CONDITIONS = "DEBUG $(inherited)";
				SWIFT_OPTIMIZATION_LEVEL = "-Onone";
			};
			name = Debug;
		};
		44EC93FA2D40914C0025E01B /* Release */ = {
			isa = XCBuildConfiguration;
			buildSettings = {
				ALWAYS_SEARCH_USER_PATHS = NO;
				ASSETCATALOG_COMPILER_GENERATE_SWIFT_ASSET_SYMBOL_EXTENSIONS = YES;
				CLANG_ANALYZER_NONNULL = YES;
				CLANG_ANALYZER_NUMBER_OBJECT_CONVERSION = YES_AGGRESSIVE;
				CLANG_CXX_LANGUAGE_STANDARD = "gnu++20";
				CLANG_ENABLE_MODULES = YES;
				CLANG_ENABLE_OBJC_ARC = YES;
				CLANG_ENABLE_OBJC_WEAK = YES;
				CLANG_WARN_BLOCK_CAPTURE_AUTORELEASING = YES;
				CLANG_WARN_BOOL_CONVERSION = YES;
				CLANG_WARN_COMMA = YES;
				CLANG_WARN_CONSTANT_CONVERSION = YES;
				CLANG_WARN_DEPRECATED_OBJC_IMPLEMENTATIONS = YES;
				CLANG_WARN_DIRECT_OBJC_ISA_USAGE = YES_ERROR;
				CLANG_WARN_DOCUMENTATION_COMMENTS = YES;
				CLANG_WARN_EMPTY_BODY = YES;
				CLANG_WARN_ENUM_CONVERSION = YES;
				CLANG_WARN_INFINITE_RECURSION = YES;
				CLANG_WARN_INT_CONVERSION = YES;
				CLANG_WARN_NON_LITERAL_NULL_CONVERSION = YES;
				CLANG_WARN_OBJC_IMPLICIT_RETAIN_SELF = YES;
				CLANG_WARN_OBJC_LITERAL_CONVERSION = YES;
				CLANG_WARN_OBJC_ROOT_CLASS = YES_ERROR;
				CLANG_WARN_QUOTED_INCLUDE_IN_FRAMEWORK_HEADER = YES;
				CLANG_WARN_RANGE_LOOP_ANALYSIS = YES;
				CLANG_WARN_STRICT_PROTOTYPES = YES;
				CLANG_WARN_SUSPICIOUS_MOVE = YES;
				CLANG_WARN_UNGUARDED_AVAILABILITY = YES_AGGRESSIVE;
				CLANG_WARN_UNREACHABLE_CODE = YES;
				CLANG_WARN__DUPLICATE_METHOD_MATCH = YES;
				COPY_PHASE_STRIP = NO;
				DEBUG_INFORMATION_FORMAT = "dwarf-with-dsym";
				ENABLE_NS_ASSERTIONS = NO;
				ENABLE_STRICT_OBJC_MSGSEND = YES;
				ENABLE_USER_SCRIPT_SANDBOXING = YES;
				GCC_C_LANGUAGE_STANDARD = gnu17;
				GCC_NO_COMMON_BLOCKS = YES;
				GCC_WARN_64_TO_32_BIT_CONVERSION = YES;
				GCC_WARN_ABOUT_RETURN_TYPE = YES_ERROR;
				GCC_WARN_UNDECLARED_SELECTOR = YES;
				GCC_WARN_UNINITIALIZED_AUTOS = YES_AGGRESSIVE;
				GCC_WARN_UNUSED_FUNCTION = YES;
				GCC_WARN_UNUSED_VARIABLE = YES;
				IPHONEOS_DEPLOYMENT_TARGET = 17.0;
				LOCALIZATION_PREFERS_STRING_CATALOGS = YES;
				MTL_ENABLE_DEBUG_INFO = NO;
				MTL_FAST_MATH = YES;
				SDKROOT = iphoneos;
				SWIFT_COMPILATION_MODE = wholemodule;
				VALIDATE_PRODUCT = YES;
			};
			name = Release;
		};
		44EC93FC2D40914C0025E01B /* Debug */ = {
			isa = XCBuildConfiguration;
			buildSettings = {
				ASSETCATALOG_COMPILER_APPICON_NAME = AppIcon;
				ASSETCATALOG_COMPILER_GLOBAL_ACCENT_COLOR_NAME = AccentColor;
				CODE_SIGN_STYLE = Automatic;
				CURRENT_PROJECT_VERSION = 1;
				DEVELOPMENT_ASSET_PATHS = "\"poker-trainer/Preview Content\"";
				DEVELOPMENT_TEAM = 73KUPAKW2U;
				ENABLE_PREVIEWS = YES;
				GENERATE_INFOPLIST_FILE = YES;
				INFOPLIST_KEY_UIApplicationSceneManifest_Generation = YES;
				INFOPLIST_KEY_UIApplicationSupportsIndirectInputEvents = YES;
				INFOPLIST_KEY_UILaunchScreen_Generation = YES;
				INFOPLIST_KEY_UISupportedInterfaceOrientations_iPad = "UIInterfaceOrientationPortrait UIInterfaceOrientationPortraitUpsideDown UIInterfaceOrientationLandscapeLeft UIInterfaceOrientationLandscapeRight";
				INFOPLIST_KEY_UISupportedInterfaceOrientations_iPhone = "UIInterfaceOrientationPortrait UIInterfaceOrientationLandscapeLeft UIInterfaceOrientationLandscapeRight";
				LD_RUNPATH_SEARCH_PATHS = (
					"$(inherited)",
					"@executable_path/Frameworks",
				);
				MARKETING_VERSION = 1.0;
				PRODUCT_BUNDLE_IDENTIFIER = "daisanz.poker-trainer";
				PRODUCT_NAME = "$(TARGET_NAME)";
				SWIFT_EMIT_LOC_STRINGS = YES;
				SWIFT_VERSION = 5.0;
				TARGETED_DEVICE_FAMILY = "1,2";
			};
			name = Debug;
		};
		44EC93FD2D40914C0025E01B /* Release */ = {
			isa = XCBuildConfiguration;
			buildSettings = {
				ASSETCATALOG_COMPILER_APPICON_NAME = AppIcon;
				ASSETCATALOG_COMPILER_GLOBAL_ACCENT_COLOR_NAME = AccentColor;
				CODE_SIGN_STYLE = Automatic;
				CURRENT_PROJECT_VERSION = 1;
				DEVELOPMENT_ASSET_PATHS = "\"poker-trainer/Preview Content\"";
				DEVELOPMENT_TEAM = 73KUPAKW2U;
				ENABLE_PREVIEWS = YES;
				GENERATE_INFOPLIST_FILE = YES;
				INFOPLIST_KEY_UIApplicationSceneManifest_Generation = YES;
				INFOPLIST_KEY_UIApplicationSupportsIndirectInputEvents = YES;
				INFOPLIST_KEY_UILaunchScreen_Generation = YES;
				INFOPLIST_KEY_UISupportedInterfaceOrientations_iPad = "UIInterfaceOrientationPortrait UIInterfaceOrientationPortraitUpsideDown UIInterfaceOrientationLandscapeLeft UIInterfaceOrientationLandscapeRight";
				INFOPLIST_KEY_UISupportedInterfaceOrientations_iPhone = "UIInterfaceOrientationPortrait UIInterfaceOrientationLandscapeLeft UIInterfaceOrientationLandscapeRight";
				LD_RUNPATH_SEARCH_PATHS = (
					"$(inherited)",
					"@executable_path/Frameworks",
				);
				MARKETING_VERSION = 1.0;
				PRODUCT_BUNDLE_IDENTIFIER = "daisanz.poker-trainer";
				PRODUCT_NAME = "$(TARGET_NAME)";
				SWIFT_EMIT_LOC_STRINGS = YES;
				SWIFT_VERSION = 5.0;
				TARGETED_DEVICE_FAMILY = "1,2";
			};
			name = Release;
		};
		44EC93FF2D40914C0025E01B /* Debug */ = {
			isa = XCBuildConfiguration;
			buildSettings = {
				ALWAYS_EMBED_SWIFT_STANDARD_LIBRARIES = YES;
				BUNDLE_LOADER = "$(TEST_HOST)";
				CODE_SIGN_STYLE = Automatic;
				CURRENT_PROJECT_VERSION = 1;
				DEVELOPMENT_TEAM = 73KUPAKW2U;
				GENERATE_INFOPLIST_FILE = YES;
				IPHONEOS_DEPLOYMENT_TARGET = 17.0;
				MARKETING_VERSION = 1.0;
				PRODUCT_BUNDLE_IDENTIFIER = "daisanz.poker-trainerTests";
				PRODUCT_NAME = "$(TARGET_NAME)";
				SWIFT_EMIT_LOC_STRINGS = NO;
				SWIFT_VERSION = 5.0;
				TARGETED_DEVICE_FAMILY = "1,2";
				TEST_HOST = "$(BUILT_PRODUCTS_DIR)/poker-trainer.app/$(BUNDLE_EXECUTABLE_FOLDER_PATH)/poker-trainer";
			};
			name = Debug;
		};
		44EC94002D40914C0025E01B /* Release */ = {
			isa = XCBuildConfiguration;
			buildSettings = {
				ALWAYS_EMBED_SWIFT_STANDARD_LIBRARIES = YES;
				BUNDLE_LOADER = "$(TEST_HOST)";
				CODE_SIGN_STYLE = Automatic;
				CURRENT_PROJECT_VERSION = 1;
				DEVELOPMENT_TEAM = 73KUPAKW2U;
				GENERATE_INFOPLIST_FILE = YES;
				IPHONEOS_DEPLOYMENT_TARGET = 17.0;
				MARKETING_VERSION = 1.0;
				PRODUCT_BUNDLE_IDENTIFIER = "daisanz.poker-trainerTests";
				PRODUCT_NAME = "$(TARGET_NAME)";
				SWIFT_EMIT_LOC_STRINGS = NO;
				SWIFT_VERSION = 5.0;
				TARGETED_DEVICE_FAMILY = "1,2";
				TEST_HOST = "$(BUILT_PRODUCTS_DIR)/poker-trainer.app/$(BUNDLE_EXECUTABLE_FOLDER_PATH)/poker-trainer";
			};
			name = Release;
		};
		44EC94022D40914C0025E01B /* Debug */ = {
			isa = XCBuildConfiguration;
			buildSettings = {
				ALWAYS_EMBED_SWIFT_STANDARD_LIBRARIES = YES;
				CODE_SIGN_STYLE = Automatic;
				CURRENT_PROJECT_VERSION = 1;
				GENERATE_INFOPLIST_FILE = YES;
				MARKETING_VERSION = 1.0;
				PRODUCT_BUNDLE_IDENTIFIER = "daisanz.poker-trainerUITests";
				PRODUCT_NAME = "$(TARGET_NAME)";
				SWIFT_EMIT_LOC_STRINGS = NO;
				SWIFT_VERSION = 5.0;
				TARGETED_DEVICE_FAMILY = "1,2";
				TEST_TARGET_NAME = "poker-trainer";
			};
			name = Debug;
		};
		44EC94032D40914C0025E01B /* Release */ = {
			isa = XCBuildConfiguration;
			buildSettings = {
				ALWAYS_EMBED_SWIFT_STANDARD_LIBRARIES = YES;
				CODE_SIGN_STYLE = Automatic;
				CURRENT_PROJECT_VERSION = 1;
				GENERATE_INFOPLIST_FILE = YES;
				MARKETING_VERSION = 1.0;
				PRODUCT_BUNDLE_IDENTIFIER = "daisanz.poker-trainerUITests";
				PRODUCT_NAME = "$(TARGET_NAME)";
				SWIFT_EMIT_LOC_STRINGS = NO;
				SWIFT_VERSION = 5.0;
				TARGETED_DEVICE_FAMILY = "1,2";
				TEST_TARGET_NAME = "poker-trainer";
			};
			name = Release;
		};
/* End XCBuildConfiguration section */

/* Begin XCConfigurationList section */
		446D9F4D2D487D9D00F6B343 /* Build configuration list for PBXNativeTarget "poker-trainerTests2" */ = {
			isa = XCConfigurationList;
			buildConfigurations = (
				446D9F4E2D487D9D00F6B343 /* Debug */,
				446D9F4F2D487D9D00F6B343 /* Release */,
			);
			defaultConfigurationIsVisible = 0;
			defaultConfigurationName = Release;
		};
		446D9F582D487DE200F6B343 /* Build configuration list for PBXNativeTarget "test2" */ = {
			isa = XCConfigurationList;
			buildConfigurations = (
				446D9F592D487DE200F6B343 /* Debug */,
				446D9F5A2D487DE200F6B343 /* Release */,
			);
			defaultConfigurationIsVisible = 0;
			defaultConfigurationName = Release;
		};
		44EC93D22D40914B0025E01B /* Build configuration list for PBXProject "poker-trainer" */ = {
			isa = XCConfigurationList;
			buildConfigurations = (
				44EC93F92D40914C0025E01B /* Debug */,
				44EC93FA2D40914C0025E01B /* Release */,
			);
			defaultConfigurationIsVisible = 0;
			defaultConfigurationName = Release;
		};
		44EC93FB2D40914C0025E01B /* Build configuration list for PBXNativeTarget "poker-trainer" */ = {
			isa = XCConfigurationList;
			buildConfigurations = (
				44EC93FC2D40914C0025E01B /* Debug */,
				44EC93FD2D40914C0025E01B /* Release */,
			);
			defaultConfigurationIsVisible = 0;
			defaultConfigurationName = Release;
		};
		44EC93FE2D40914C0025E01B /* Build configuration list for PBXNativeTarget "poker-trainerTests" */ = {
			isa = XCConfigurationList;
			buildConfigurations = (
				44EC93FF2D40914C0025E01B /* Debug */,
				44EC94002D40914C0025E01B /* Release */,
			);
			defaultConfigurationIsVisible = 0;
			defaultConfigurationName = Release;
		};
		44EC94012D40914C0025E01B /* Build configuration list for PBXNativeTarget "poker-trainerUITests" */ = {
			isa = XCConfigurationList;
			buildConfigurations = (
				44EC94022D40914C0025E01B /* Debug */,
				44EC94032D40914C0025E01B /* Release */,
			);
			defaultConfigurationIsVisible = 0;
			defaultConfigurationName = Release;
		};
/* End XCConfigurationList section */
	};
	rootObject = 44EC93CF2D40914B0025E01B /* Project object */;
}
